// !$*UTF8*$!
{
	archiveVersion = 1;
	classes = {
	};
	objectVersion = 46;
	objects = {

/* Begin PBXBuildFile section */
		AFA8FF481F193B59007BCDCB /* BillboardError.swift in Sources */ = {isa = PBXBuildFile; fileRef = AFA8FF471F193B59007BCDCB /* BillboardError.swift */; };
		AFD60FB41F0C9324009D0099 /* BillboardEntry.swift in Sources */ = {isa = PBXBuildFile; fileRef = AFD60FB31F0C9324009D0099 /* BillboardEntry.swift */; };
		OBJ_30 /* CSS.swift in Sources */ = {isa = PBXBuildFile; fileRef = OBJ_15 /* CSS.swift */; };
		OBJ_31 /* Kanna.swift in Sources */ = {isa = PBXBuildFile; fileRef = OBJ_16 /* Kanna.swift */; };
		OBJ_32 /* libxmlHTMLDocument.swift in Sources */ = {isa = PBXBuildFile; fileRef = OBJ_17 /* libxmlHTMLDocument.swift */; };
		OBJ_33 /* libxmlHTMLNode.swift in Sources */ = {isa = PBXBuildFile; fileRef = OBJ_18 /* libxmlHTMLNode.swift */; };
		OBJ_34 /* libxmlParserOption.swift in Sources */ = {isa = PBXBuildFile; fileRef = OBJ_19 /* libxmlParserOption.swift */; };
		OBJ_41 /* Billboard.swift in Sources */ = {isa = PBXBuildFile; fileRef = OBJ_8 /* Billboard.swift */; };
		OBJ_43 /* Kanna.framework in Frameworks */ = {isa = PBXBuildFile; fileRef = OBJ_22 /* Kanna.framework */; };
		OBJ_50 /* BillboardTests.swift in Sources */ = {isa = PBXBuildFile; fileRef = OBJ_11 /* BillboardTests.swift */; };
		OBJ_52 /* Kanna.framework in Frameworks */ = {isa = PBXBuildFile; fileRef = OBJ_22 /* Kanna.framework */; };
		OBJ_53 /* Billboard.framework in Frameworks */ = {isa = PBXBuildFile; fileRef = OBJ_23 /* Billboard.framework */; };
/* End PBXBuildFile section */

/* Begin PBXContainerItemProxy section */
		AF08087A1F06CD5600EFA794 /* PBXContainerItemProxy */ = {
			isa = PBXContainerItemProxy;
			containerPortal = OBJ_1 /* Project object */;
			proxyType = 1;
			remoteGlobalIDString = OBJ_25;
			remoteInfo = Kanna;
		};
		AF08087B1F06CD5600EFA794 /* PBXContainerItemProxy */ = {
			isa = PBXContainerItemProxy;
			containerPortal = OBJ_1 /* Project object */;
			proxyType = 1;
			remoteGlobalIDString = OBJ_25;
			remoteInfo = Kanna;
		};
		AF08087C1F06CD5600EFA794 /* PBXContainerItemProxy */ = {
			isa = PBXContainerItemProxy;
			containerPortal = OBJ_1 /* Project object */;
			proxyType = 1;
			remoteGlobalIDString = OBJ_36;
			remoteInfo = Billboard;
		};
/* End PBXContainerItemProxy section */

/* Begin PBXFileReference section */
		AFA8FF471F193B59007BCDCB /* BillboardError.swift */ = {isa = PBXFileReference; fileEncoding = 4; lastKnownFileType = sourcecode.swift; path = BillboardError.swift; sourceTree = "<group>"; };
		AFD60FB31F0C9324009D0099 /* BillboardEntry.swift */ = {isa = PBXFileReference; fileEncoding = 4; lastKnownFileType = sourcecode.swift; path = BillboardEntry.swift; sourceTree = "<group>"; };
		OBJ_11 /* BillboardTests.swift */ = {isa = PBXFileReference; lastKnownFileType = sourcecode.swift; path = BillboardTests.swift; sourceTree = "<group>"; };
		OBJ_15 /* CSS.swift */ = {isa = PBXFileReference; lastKnownFileType = sourcecode.swift; path = CSS.swift; sourceTree = "<group>"; };
		OBJ_16 /* Kanna.swift */ = {isa = PBXFileReference; lastKnownFileType = sourcecode.swift; path = Kanna.swift; sourceTree = "<group>"; };
		OBJ_17 /* libxmlHTMLDocument.swift */ = {isa = PBXFileReference; lastKnownFileType = sourcecode.swift; path = libxmlHTMLDocument.swift; sourceTree = "<group>"; };
		OBJ_18 /* libxmlHTMLNode.swift */ = {isa = PBXFileReference; lastKnownFileType = sourcecode.swift; path = libxmlHTMLNode.swift; sourceTree = "<group>"; };
		OBJ_19 /* libxmlParserOption.swift */ = {isa = PBXFileReference; lastKnownFileType = sourcecode.swift; path = libxmlParserOption.swift; sourceTree = "<group>"; };
		OBJ_22 /* Kanna.framework */ = {isa = PBXFileReference; explicitFileType = wrapper.framework; path = Kanna.framework; sourceTree = BUILT_PRODUCTS_DIR; };
		OBJ_23 /* Billboard.framework */ = {isa = PBXFileReference; explicitFileType = wrapper.framework; path = Billboard.framework; sourceTree = BUILT_PRODUCTS_DIR; };
		OBJ_24 /* BillboardTests.xctest */ = {isa = PBXFileReference; lastKnownFileType = file; path = BillboardTests.xctest; sourceTree = BUILT_PRODUCTS_DIR; };
		OBJ_6 /* Package.swift */ = {isa = PBXFileReference; explicitFileType = sourcecode.swift; path = Package.swift; sourceTree = "<group>"; };
		OBJ_8 /* Billboard.swift */ = {isa = PBXFileReference; lastKnownFileType = sourcecode.swift; path = Billboard.swift; sourceTree = "<group>"; };
/* End PBXFileReference section */

/* Begin PBXFrameworksBuildPhase section */
		OBJ_35 /* Frameworks */ = {
			isa = PBXFrameworksBuildPhase;
			buildActionMask = 0;
			files = (
			);
			runOnlyForDeploymentPostprocessing = 0;
		};
		OBJ_42 /* Frameworks */ = {
			isa = PBXFrameworksBuildPhase;
			buildActionMask = 0;
			files = (
				OBJ_43 /* Kanna.framework in Frameworks */,
			);
			runOnlyForDeploymentPostprocessing = 0;
		};
		OBJ_51 /* Frameworks */ = {
			isa = PBXFrameworksBuildPhase;
			buildActionMask = 0;
			files = (
				OBJ_52 /* Kanna.framework in Frameworks */,
				OBJ_53 /* Billboard.framework in Frameworks */,
			);
			runOnlyForDeploymentPostprocessing = 0;
		};
/* End PBXFrameworksBuildPhase section */

/* Begin PBXGroup section */
		OBJ_10 /* BillboardTests */ = {
			isa = PBXGroup;
			children = (
				OBJ_11 /* BillboardTests.swift */,
			);
			name = BillboardTests;
			path = Tests/BillboardTests;
			sourceTree = SOURCE_ROOT;
		};
		OBJ_12 /* Dependencies */ = {
			isa = PBXGroup;
			children = (
				OBJ_13 /* Kanna 2.2.1 */,
				OBJ_20 /* SwiftClibxml2 1.0.2 */,
			);
			name = Dependencies;
			sourceTree = "<group>";
		};
		OBJ_13 /* Kanna 2.2.1 */ = {
			isa = PBXGroup;
			children = (
				OBJ_14 /* Kanna */,
			);
			name = "Kanna 2.2.1";
			sourceTree = SOURCE_ROOT;
		};
		OBJ_14 /* Kanna */ = {
			isa = PBXGroup;
			children = (
				OBJ_15 /* CSS.swift */,
				OBJ_16 /* Kanna.swift */,
				OBJ_17 /* libxmlHTMLDocument.swift */,
				OBJ_18 /* libxmlHTMLNode.swift */,
				OBJ_19 /* libxmlParserOption.swift */,
			);
			name = Kanna;
			path = ".build/checkouts/Kanna.git-4480671543299714050/Sources/Kanna";
			sourceTree = SOURCE_ROOT;
		};
		OBJ_20 /* SwiftClibxml2 1.0.2 */ = {
			isa = PBXGroup;
			children = (
			);
			name = "SwiftClibxml2 1.0.2";
			path = ".build/checkouts/SwiftClibxml2.git--6828148366461539859";
			sourceTree = SOURCE_ROOT;
		};
		OBJ_21 /* Products */ = {
			isa = PBXGroup;
			children = (
				OBJ_22 /* Kanna.framework */,
				OBJ_23 /* Billboard.framework */,
				OBJ_24 /* BillboardTests.xctest */,
			);
			name = Products;
			sourceTree = BUILT_PRODUCTS_DIR;
		};
		OBJ_5 = {
			isa = PBXGroup;
			children = (
				OBJ_6 /* Package.swift */,
				OBJ_7 /* Sources */,
				OBJ_9 /* Tests */,
				OBJ_12 /* Dependencies */,
				OBJ_21 /* Products */,
			);
			sourceTree = "<group>";
		};
		OBJ_7 /* Sources */ = {
			isa = PBXGroup;
			children = (
				OBJ_8 /* Billboard.swift */,
				AFD60FB31F0C9324009D0099 /* BillboardEntry.swift */,
				AFA8FF471F193B59007BCDCB /* BillboardError.swift */,
			);
			path = Sources;
			sourceTree = SOURCE_ROOT;
		};
		OBJ_9 /* Tests */ = {
			isa = PBXGroup;
			children = (
				OBJ_10 /* BillboardTests */,
			);
			name = Tests;
			sourceTree = SOURCE_ROOT;
		};
/* End PBXGroup section */

/* Begin PBXNativeTarget section */
		OBJ_25 /* Kanna */ = {
			isa = PBXNativeTarget;
			buildConfigurationList = OBJ_26 /* Build configuration list for PBXNativeTarget "Kanna" */;
			buildPhases = (
				OBJ_29 /* Sources */,
				OBJ_35 /* Frameworks */,
			);
			buildRules = (
			);
			dependencies = (
			);
			name = Kanna;
			productName = Kanna;
			productReference = OBJ_22 /* Kanna.framework */;
			productType = "com.apple.product-type.framework";
		};
		OBJ_36 /* Billboard */ = {
			isa = PBXNativeTarget;
			buildConfigurationList = OBJ_37 /* Build configuration list for PBXNativeTarget "Billboard" */;
			buildPhases = (
				OBJ_40 /* Sources */,
				OBJ_42 /* Frameworks */,
			);
			buildRules = (
			);
			dependencies = (
				OBJ_44 /* PBXTargetDependency */,
			);
			name = Billboard;
			productName = Billboard;
			productReference = OBJ_23 /* Billboard.framework */;
			productType = "com.apple.product-type.framework";
		};
		OBJ_45 /* BillboardTests */ = {
			isa = PBXNativeTarget;
			buildConfigurationList = OBJ_46 /* Build configuration list for PBXNativeTarget "BillboardTests" */;
			buildPhases = (
				OBJ_49 /* Sources */,
				OBJ_51 /* Frameworks */,
			);
			buildRules = (
			);
			dependencies = (
				OBJ_54 /* PBXTargetDependency */,
				OBJ_55 /* PBXTargetDependency */,
			);
			name = BillboardTests;
			productName = BillboardTests;
			productReference = OBJ_24 /* BillboardTests.xctest */;
			productType = "com.apple.product-type.bundle.unit-test";
		};
/* End PBXNativeTarget section */

/* Begin PBXProject section */
		OBJ_1 /* Project object */ = {
			isa = PBXProject;
			attributes = {
				LastUpgradeCheck = 9999;
			};
			buildConfigurationList = OBJ_2 /* Build configuration list for PBXProject "Billboard" */;
			compatibilityVersion = "Xcode 3.2";
			developmentRegion = English;
			hasScannedForEncodings = 0;
			knownRegions = (
				en,
			);
			mainGroup = OBJ_5;
			productRefGroup = OBJ_21 /* Products */;
			projectDirPath = "";
			projectRoot = "";
			targets = (
				OBJ_25 /* Kanna */,
				OBJ_36 /* Billboard */,
				OBJ_45 /* BillboardTests */,
			);
		};
/* End PBXProject section */

/* Begin PBXSourcesBuildPhase section */
		OBJ_29 /* Sources */ = {
			isa = PBXSourcesBuildPhase;
			buildActionMask = 0;
			files = (
				OBJ_30 /* CSS.swift in Sources */,
				OBJ_31 /* Kanna.swift in Sources */,
				OBJ_32 /* libxmlHTMLDocument.swift in Sources */,
				OBJ_33 /* libxmlHTMLNode.swift in Sources */,
				OBJ_34 /* libxmlParserOption.swift in Sources */,
			);
			runOnlyForDeploymentPostprocessing = 0;
		};
		OBJ_40 /* Sources */ = {
			isa = PBXSourcesBuildPhase;
			buildActionMask = 0;
			files = (
				AFA8FF481F193B59007BCDCB /* BillboardError.swift in Sources */,
				AFD60FB41F0C9324009D0099 /* BillboardEntry.swift in Sources */,
				OBJ_41 /* Billboard.swift in Sources */,
			);
			runOnlyForDeploymentPostprocessing = 0;
		};
		OBJ_49 /* Sources */ = {
			isa = PBXSourcesBuildPhase;
			buildActionMask = 0;
			files = (
				OBJ_50 /* BillboardTests.swift in Sources */,
			);
			runOnlyForDeploymentPostprocessing = 0;
		};
/* End PBXSourcesBuildPhase section */

/* Begin PBXTargetDependency section */
		OBJ_44 /* PBXTargetDependency */ = {
			isa = PBXTargetDependency;
			target = OBJ_25 /* Kanna */;
			targetProxy = AF08087A1F06CD5600EFA794 /* PBXContainerItemProxy */;
		};
		OBJ_54 /* PBXTargetDependency */ = {
			isa = PBXTargetDependency;
			target = OBJ_25 /* Kanna */;
			targetProxy = AF08087B1F06CD5600EFA794 /* PBXContainerItemProxy */;
		};
		OBJ_55 /* PBXTargetDependency */ = {
			isa = PBXTargetDependency;
			target = OBJ_36 /* Billboard */;
			targetProxy = AF08087C1F06CD5600EFA794 /* PBXContainerItemProxy */;
		};
/* End PBXTargetDependency section */

/* Begin XCBuildConfiguration section */
		OBJ_27 /* Debug */ = {
			isa = XCBuildConfiguration;
			buildSettings = {
				ENABLE_TESTABILITY = YES;
				FRAMEWORK_SEARCH_PATHS = (
					"$(inherited)",
					"$(PLATFORM_DIR)/Developer/Library/Frameworks",
				);
				HEADER_SEARCH_PATHS = (
					"$(inherited)",
					"$(SRCROOT)/.build/checkouts/SwiftClibxml2.git--6828148366461539859",
				);
				INFOPLIST_FILE = Billboard.xcodeproj/Kanna_Info.plist;
				LD_RUNPATH_SEARCH_PATHS = "$(TOOLCHAIN_DIR)/usr/lib/swift/macosx";
				OTHER_LDFLAGS = (
					"$(inherited)",
					"-lxml2",
				);
				OTHER_SWIFT_FLAGS = "$(inherited) -I/usr/include/libxml2";
				PRODUCT_BUNDLE_IDENTIFIER = Kanna;
				PRODUCT_MODULE_NAME = "$(TARGET_NAME:c99extidentifier)";
				PRODUCT_NAME = "$(TARGET_NAME:c99extidentifier)";
				SKIP_INSTALL = YES;
				TARGET_NAME = Kanna;
			};
			name = Debug;
		};
		OBJ_28 /* Release */ = {
			isa = XCBuildConfiguration;
			buildSettings = {
				ENABLE_TESTABILITY = YES;
				FRAMEWORK_SEARCH_PATHS = (
					"$(inherited)",
					"$(PLATFORM_DIR)/Developer/Library/Frameworks",
				);
				HEADER_SEARCH_PATHS = (
					"$(inherited)",
					"$(SRCROOT)/.build/checkouts/SwiftClibxml2.git--6828148366461539859",
				);
				INFOPLIST_FILE = Billboard.xcodeproj/Kanna_Info.plist;
				LD_RUNPATH_SEARCH_PATHS = "$(TOOLCHAIN_DIR)/usr/lib/swift/macosx";
				OTHER_LDFLAGS = (
					"$(inherited)",
					"-lxml2",
				);
				OTHER_SWIFT_FLAGS = "$(inherited) -I/usr/include/libxml2";
				PRODUCT_BUNDLE_IDENTIFIER = Kanna;
				PRODUCT_MODULE_NAME = "$(TARGET_NAME:c99extidentifier)";
				PRODUCT_NAME = "$(TARGET_NAME:c99extidentifier)";
				SKIP_INSTALL = YES;
				TARGET_NAME = Kanna;
			};
			name = Release;
		};
		OBJ_3 /* Debug */ = {
			isa = XCBuildConfiguration;
			buildSettings = {
				CLANG_ENABLE_OBJC_ARC = YES;
				COMBINE_HIDPI_IMAGES = YES;
				COPY_PHASE_STRIP = NO;
				DEBUG_INFORMATION_FORMAT = dwarf;
				DYLIB_INSTALL_NAME_BASE = "@rpath";
				ENABLE_NS_ASSERTIONS = YES;
				GCC_OPTIMIZATION_LEVEL = 0;
				MACOSX_DEPLOYMENT_TARGET = 10.10;
				ONLY_ACTIVE_ARCH = YES;
				OTHER_SWIFT_FLAGS = "-DXcode";
				PRODUCT_NAME = "$(TARGET_NAME)";
				SDKROOT = macosx;
				SUPPORTED_PLATFORMS = "macosx iphoneos iphonesimulator appletvos appletvsimulator watchos watchsimulator";
				SWIFT_ACTIVE_COMPILATION_CONDITIONS = SWIFT_PACKAGE;
				SWIFT_OPTIMIZATION_LEVEL = "-Onone";
				SWIFT_VERSION = 3.0;
				USE_HEADERMAP = NO;
			};
			name = Debug;
		};
		OBJ_38 /* Debug */ = {
			isa = XCBuildConfiguration;
			buildSettings = {
				ENABLE_TESTABILITY = YES;
				FRAMEWORK_SEARCH_PATHS = (
					"$(inherited)",
					"$(PLATFORM_DIR)/Developer/Library/Frameworks",
				);
				HEADER_SEARCH_PATHS = (
					"$(inherited)",
					"$(SRCROOT)/.build/checkouts/SwiftClibxml2.git--6828148366461539859",
				);
				INFOPLIST_FILE = Billboard.xcodeproj/Billboard_Info.plist;
				LD_RUNPATH_SEARCH_PATHS = "$(TOOLCHAIN_DIR)/usr/lib/swift/macosx";
				OTHER_LDFLAGS = (
					"$(inherited)",
					"-lxml2",
				);
				OTHER_SWIFT_FLAGS = "$(inherited) -I/usr/include/libxml2";
				PRODUCT_BUNDLE_IDENTIFIER = Billboard;
				PRODUCT_MODULE_NAME = "$(TARGET_NAME:c99extidentifier)";
				PRODUCT_NAME = "$(TARGET_NAME:c99extidentifier)";
				SKIP_INSTALL = YES;
				TARGET_NAME = Billboard;
			};
			name = Debug;
		};
		OBJ_39 /* Release */ = {
			isa = XCBuildConfiguration;
			buildSettings = {
				ENABLE_TESTABILITY = YES;
				FRAMEWORK_SEARCH_PATHS = (
					"$(inherited)",
					"$(PLATFORM_DIR)/Developer/Library/Frameworks",
				);
				HEADER_SEARCH_PATHS = (
					"$(inherited)",
					"$(SRCROOT)/.build/checkouts/SwiftClibxml2.git--6828148366461539859",
				);
				INFOPLIST_FILE = Billboard.xcodeproj/Billboard_Info.plist;
				LD_RUNPATH_SEARCH_PATHS = "$(TOOLCHAIN_DIR)/usr/lib/swift/macosx";
				OTHER_LDFLAGS = (
					"$(inherited)",
					"-lxml2",
				);
				OTHER_SWIFT_FLAGS = "$(inherited) -I/usr/include/libxml2";
				PRODUCT_BUNDLE_IDENTIFIER = Billboard;
				PRODUCT_MODULE_NAME = "$(TARGET_NAME:c99extidentifier)";
				PRODUCT_NAME = "$(TARGET_NAME:c99extidentifier)";
				SKIP_INSTALL = YES;
				TARGET_NAME = Billboard;
			};
			name = Release;
		};
		OBJ_4 /* Release */ = {
			isa = XCBuildConfiguration;
			buildSettings = {
				CLANG_ENABLE_OBJC_ARC = YES;
				COMBINE_HIDPI_IMAGES = YES;
				COPY_PHASE_STRIP = YES;
				DEBUG_INFORMATION_FORMAT = "dwarf-with-dsym";
				DYLIB_INSTALL_NAME_BASE = "@rpath";
				GCC_OPTIMIZATION_LEVEL = s;
				MACOSX_DEPLOYMENT_TARGET = 10.10;
				OTHER_SWIFT_FLAGS = "-DXcode";
				PRODUCT_NAME = "$(TARGET_NAME)";
				SDKROOT = macosx;
				SUPPORTED_PLATFORMS = "macosx iphoneos iphonesimulator appletvos appletvsimulator watchos watchsimulator";
				SWIFT_ACTIVE_COMPILATION_CONDITIONS = SWIFT_PACKAGE;
				SWIFT_OPTIMIZATION_LEVEL = "-Owholemodule";
				SWIFT_VERSION = 3.0;
				USE_HEADERMAP = NO;
			};
			name = Release;
		};
		OBJ_47 /* Debug */ = {
			isa = XCBuildConfiguration;
			buildSettings = {
				EMBEDDED_CONTENT_CONTAINS_SWIFT = YES;
				FRAMEWORK_SEARCH_PATHS = (
					"$(inherited)",
					"$(PLATFORM_DIR)/Developer/Library/Frameworks",
				);
				HEADER_SEARCH_PATHS = (
					"$(inherited)",
					"$(SRCROOT)/.build/checkouts/SwiftClibxml2.git--6828148366461539859",
				);
				INFOPLIST_FILE = Billboard.xcodeproj/BillboardTests_Info.plist;
				LD_RUNPATH_SEARCH_PATHS = "@loader_path/../Frameworks @loader_path/Frameworks";
				OTHER_LDFLAGS = (
					"$(inherited)",
					"-lxml2",
				);
				OTHER_SWIFT_FLAGS = "$(inherited) -I/usr/include/libxml2";
				TARGET_NAME = BillboardTests;
			};
			name = Debug;
		};
		OBJ_48 /* Release */ = {
			isa = XCBuildConfiguration;
			buildSettings = {
				EMBEDDED_CONTENT_CONTAINS_SWIFT = YES;
				FRAMEWORK_SEARCH_PATHS = (
					"$(inherited)",
					"$(PLATFORM_DIR)/Developer/Library/Frameworks",
				);
				HEADER_SEARCH_PATHS = (
					"$(inherited)",
					"$(SRCROOT)/.build/checkouts/SwiftClibxml2.git--6828148366461539859",
				);
				INFOPLIST_FILE = Billboard.xcodeproj/BillboardTests_Info.plist;
				LD_RUNPATH_SEARCH_PATHS = "@loader_path/../Frameworks @loader_path/Frameworks";
				OTHER_LDFLAGS = (
					"$(inherited)",
					"-lxml2",
				);
				OTHER_SWIFT_FLAGS = "$(inherited) -I/usr/include/libxml2";
				TARGET_NAME = BillboardTests;
			};
			name = Release;
		};
/* End XCBuildConfiguration section */

/* Begin XCConfigurationList section */
		OBJ_2 /* Build configuration list for PBXProject "Billboard" */ = {
			isa = XCConfigurationList;
			buildConfigurations = (
				OBJ_3 /* Debug */,
				OBJ_4 /* Release */,
			);
			defaultConfigurationIsVisible = 0;
			defaultConfigurationName = Debug;
		};
		OBJ_26 /* Build configuration list for PBXNativeTarget "Kanna" */ = {
			isa = XCConfigurationList;
			buildConfigurations = (
				OBJ_27 /* Debug */,
				OBJ_28 /* Release */,
			);
			defaultConfigurationIsVisible = 0;
			defaultConfigurationName = Debug;
		};
		OBJ_37 /* Build configuration list for PBXNativeTarget "Billboard" */ = {
			isa = XCConfigurationList;
			buildConfigurations = (
				OBJ_38 /* Debug */,
				OBJ_39 /* Release */,
			);
			defaultConfigurationIsVisible = 0;
			defaultConfigurationName = Debug;
		};
		OBJ_46 /* Build configuration list for PBXNativeTarget "BillboardTests" */ = {
			isa = XCConfigurationList;
			buildConfigurations = (
				OBJ_47 /* Debug */,
				OBJ_48 /* Release */,
			);
			defaultConfigurationIsVisible = 0;
			defaultConfigurationName = Debug;
		};
/* End XCConfigurationList section */
	};
	rootObject = OBJ_1 /* Project object */;
}
